
Microsoft Visual Studio Solution File, Format Version 12.00
# Visual Studio Version 17
VisualStudioVersion = 17.3.32901.215
MinimumVisualStudioVersion = 10.0.40219.1
Project("{8BC9CEB8-8B4A-11D0-8D11-00A0C91BC942}") = "Personal project C++11", "Personal project C++11\Personal project C++11.vcxproj", "{3A93AC40-A1B2-486C-9734-9D09133C3797}"
EndProject
Global
	GlobalSection(SolutionConfigurationPlatforms) = preSolution
		Debug|x64 = Debug|x64
		Debug|x86 = Debug|x86
		Release|x64 = Release|x64
		Release|x86 = Release|x86
	EndGlobalSection
	GlobalSection(ProjectConfigurationPlatforms) = postSolution
		{3A93AC40-A1B2-486C-9734-9D09133C3797}.Debug|x64.ActiveCfg = Debug|x64
		{3A93AC40-A1B2-486C-9734-9D09133C3797}.Debug|x64.Build.0 = Debug|x64
		{3A93AC40-A1B2-486C-9734-9D09133C3797}.Debug|x86.ActiveCfg = Debug|Win32
		{3A93AC40-A1B2-486C-9734-9D09133C3797}.Debug|x86.Build.0 = Debug|Win32
		{3A93AC40-A1B2-486C-9734-9D09133C3797}.Release|x64.ActiveCfg = Release|x64
		{3A93AC40-A1B2-486C-9734-9D09133C3797}.Release|x64.Build.0 = Release|x64
		{3A93AC40-A1B2-486C-9734-9D09133C3797}.Release|x86.ActiveCfg = Release|Win32
		{3A93AC40-A1B2-486C-9734-9D09133C3797}.Release|x86.Build.0 = Release|Win32
	EndGlobalSection
	GlobalSection(SolutionProperties) = preSolution
		HideSolutionNode = FALSE
	EndGlobalSection
	GlobalSection(ExtensibilityGlobals) = postSolution
		SolutionGuid = {FFA2BF4A-52D8-4EE4-8570-E646B81ABCFD}
	EndGlobalSection
EndGlobal
